
Microsoft Visual Studio Solution File, Format Version 12.00
# Visual Studio Version 17
VisualStudioVersion = 17.7.34024.191
MinimumVisualStudioVersion = 10.0.40219.1
Project("{FAE04EC0-301F-11D3-BF4B-00C04F79EFBC}") = "HomePharmacyCatalog", "HomePharmacyCatalog.csproj", "{1D5E0017-3930-45E7-8D0B-7C2BD595F6A2}"
EndProject
Global
	GlobalSection(SolutionConfigurationPlatforms) = preSolution
		Debug|Any CPU = Debug|Any CPU
		Release|Any CPU = Release|Any CPU
	EndGlobalSection
	GlobalSection(ProjectConfigurationPlatforms) = postSolution
		{1D5E0017-3930-45E7-8D0B-7C2BD595F6A2}.Debug|Any CPU.ActiveCfg = Debug|Any CPU
		{1D5E0017-3930-45E7-8D0B-7C2BD595F6A2}.Debug|Any CPU.Build.0 = Debug|Any CPU
		{1D5E0017-3930-45E7-8D0B-7C2BD595F6A2}.Release|Any CPU.ActiveCfg = Release|Any CPU
		{1D5E0017-3930-45E7-8D0B-7C2BD595F6A2}.Release|Any CPU.Build.0 = Release|Any CPU
	EndGlobalSection
	GlobalSection(SolutionProperties) = preSolution
		HideSolutionNode = FALSE
	EndGlobalSection
	GlobalSection(ExtensibilityGlobals) = postSolution
		SolutionGuid = {FF8CEA47-25D6-45DC-852A-E6E786EB4942}
	EndGlobalSection
EndGlobal
